
Microsoft Visual Studio Solution File, Format Version 12.00
# Visual Studio Version 16
VisualStudioVersion = 16.0.34601.136
MinimumVisualStudioVersion = 10.0.40219.1
Project("{FAE04EC0-301F-11D3-BF4B-00C04F79EFBC}") = "SrtringTest", "SrtringTest\SrtringTest.csproj", "{AA2AE571-847E-4621-ACC6-B4EE76780476}"
EndProject
Project("{FAE04EC0-301F-11D3-BF4B-00C04F79EFBC}") = "StringBuilderTest", "StringBuilderTest\StringBuilderTest.csproj", "{5A88DD80-B0A3-48FF-AC88-01E17496AA0A}"
EndProject
Project("{FAE04EC0-301F-11D3-BF4B-00C04F79EFBC}") = "TimeTest", "TimeTest\TimeTest.csproj", "{AC01FC36-033B-4F42-9C5B-5C3B46090C75}"
EndProject
Global
	GlobalSection(SolutionConfigurationPlatforms) = preSolution
		Debug|Any CPU = Debug|Any CPU
		Release|Any CPU = Release|Any CPU
	EndGlobalSection
	GlobalSection(ProjectConfigurationPlatforms) = postSolution
		{AA2AE571-847E-4621-ACC6-B4EE76780476}.Debug|Any CPU.ActiveCfg = Debug|Any CPU
		{AA2AE571-847E-4621-ACC6-B4EE76780476}.Debug|Any CPU.Build.0 = Debug|Any CPU
		{AA2AE571-847E-4621-ACC6-B4EE76780476}.Release|Any CPU.ActiveCfg = Release|Any CPU
		{AA2AE571-847E-4621-ACC6-B4EE76780476}.Release|Any CPU.Build.0 = Release|Any CPU
		{5A88DD80-B0A3-48FF-AC88-01E17496AA0A}.Debug|Any CPU.ActiveCfg = Debug|Any CPU
		{5A88DD80-B0A3-48FF-AC88-01E17496AA0A}.Debug|Any CPU.Build.0 = Debug|Any CPU
		{5A88DD80-B0A3-48FF-AC88-01E17496AA0A}.Release|Any CPU.ActiveCfg = Release|Any CPU
		{5A88DD80-B0A3-48FF-AC88-01E17496AA0A}.Release|Any CPU.Build.0 = Release|Any CPU
		{AC01FC36-033B-4F42-9C5B-5C3B46090C75}.Debug|Any CPU.ActiveCfg = Debug|Any CPU
		{AC01FC36-033B-4F42-9C5B-5C3B46090C75}.Debug|Any CPU.Build.0 = Debug|Any CPU
		{AC01FC36-033B-4F42-9C5B-5C3B46090C75}.Release|Any CPU.ActiveCfg = Release|Any CPU
		{AC01FC36-033B-4F42-9C5B-5C3B46090C75}.Release|Any CPU.Build.0 = Release|Any CPU
	EndGlobalSection
	GlobalSection(SolutionProperties) = preSolution
		HideSolutionNode = FALSE
	EndGlobalSection
	GlobalSection(ExtensibilityGlobals) = postSolution
		SolutionGuid = {F9F3AFDD-66F8-491A-83FF-F407C9B4EC39}
	EndGlobalSection
EndGlobal
